// !$*UTF8*$!
{
	archiveVersion = 1;
	classes = {
	};
	objectVersion = 56;
	objects = {

/* Begin PBXBuildFile section */
		0446A5122CA4E83C008C3EA4 /* PlaceLocationView.swift in Sources */ = {isa = PBXBuildFile; fileRef = 0446A5112CA4E83C008C3EA4 /* PlaceLocationView.swift */; };
		0446A5162CA4E897008C3EA4 /* PlaceRowView.swift in Sources */ = {isa = PBXBuildFile; fileRef = 0446A5152CA4E897008C3EA4 /* PlaceRowView.swift */; };
		044A82B22CAD05CA007D3D17 /* TravelForView.swift in Sources */ = {isa = PBXBuildFile; fileRef = 044A82B12CAD05CA007D3D17 /* TravelForView.swift */; };
		044A82B42CAD0992007D3D17 /* ScheduleForView.swift in Sources */ = {isa = PBXBuildFile; fileRef = 044A82B32CAD0992007D3D17 /* ScheduleForView.swift */; };
		044A82B62CAD099A007D3D17 /* PlaceForView.swift in Sources */ = {isa = PBXBuildFile; fileRef = 044A82B52CAD099A007D3D17 /* PlaceForView.swift */; };
		044A82B82CAD09A1007D3D17 /* DiaryForView.swift in Sources */ = {isa = PBXBuildFile; fileRef = 044A82B72CAD09A1007D3D17 /* DiaryForView.swift */; };
		044A82BA2CAD09AB007D3D17 /* FinanceForView.swift in Sources */ = {isa = PBXBuildFile; fileRef = 044A82B92CAD09AB007D3D17 /* FinanceForView.swift */; };
		044A82C02CAEA4EA007D3D17 /* AddPlaceView.swift in Sources */ = {isa = PBXBuildFile; fileRef = 044A82BF2CAEA4EA007D3D17 /* AddPlaceView.swift */; };
		044A82C22CAEA97F007D3D17 /* NetworkMonitor.swift in Sources */ = {isa = PBXBuildFile; fileRef = 044A82C12CAEA97F007D3D17 /* NetworkMonitor.swift */; };
		046CC39C2CA7E6560048F669 /* AppInfoView.swift in Sources */ = {isa = PBXBuildFile; fileRef = 046CC39B2CA7E6560048F669 /* AppInfoView.swift */; };
		046CC3A12CA7EF2F0048F669 /* Settings.bundle in Resources */ = {isa = PBXBuildFile; fileRef = 046CC3A02CA7EF2F0048F669 /* Settings.bundle */; };
		046CC3A32CA7FAE20048F669 /* PastTravelView.swift in Sources */ = {isa = PBXBuildFile; fileRef = 046CC3A22CA7FAE20048F669 /* PastTravelView.swift */; };
		0474E50E2CA3F21400C33D6F /* WebView.swift in Sources */ = {isa = PBXBuildFile; fileRef = 0474E50D2CA3F21400C33D6F /* WebView.swift */; };
		04974DC32C9B2D39004319DA /* View+Extension.swift in Sources */ = {isa = PBXBuildFile; fileRef = 04974DC22C9B2D39004319DA /* View+Extension.swift */; };
		04A46BBB2C946A8E005ACE1C /* 잘풀리는오늘OTF Medium.otf in Resources */ = {isa = PBXBuildFile; fileRef = 04A46BBA2C946A8E005ACE1C /* 잘풀리는오늘OTF Medium.otf */; };
		04A46BBD2C9478F0005ACE1C /* MainHomeView.swift in Sources */ = {isa = PBXBuildFile; fileRef = 04A46BBC2C9478F0005ACE1C /* MainHomeView.swift */; };
		04A46BC12C947CD4005ACE1C /* UserView.swift in Sources */ = {isa = PBXBuildFile; fileRef = 04A46BC02C947CD4005ACE1C /* UserView.swift */; };
		04A46BC82C948289005ACE1C /* LazyWrapperView.swift in Sources */ = {isa = PBXBuildFile; fileRef = 04A46BC72C948289005ACE1C /* LazyWrapperView.swift */; };
		04A46BCD2C9487AC005ACE1C /* AddTravelPlannerView.swift in Sources */ = {isa = PBXBuildFile; fileRef = 04A46BCC2C9487AC005ACE1C /* AddTravelPlannerView.swift */; };
		04A46BCF2C95497D005ACE1C /* TravelMapView.swift in Sources */ = {isa = PBXBuildFile; fileRef = 04A46BCE2C95497D005ACE1C /* TravelMapView.swift */; };
		04A46BD22C9566A2005ACE1C /* HorizonCalendar in Frameworks */ = {isa = PBXBuildFile; productRef = 04A46BD12C9566A2005ACE1C /* HorizonCalendar */; };
		04A46BD42C956C0A005ACE1C /* NavigationTitleModifier.swift in Sources */ = {isa = PBXBuildFile; fileRef = 04A46BD32C956C0A005ACE1C /* NavigationTitleModifier.swift */; };
		04A46BD72C956C6F005ACE1C /* DesignResource.swift in Sources */ = {isa = PBXBuildFile; fileRef = 04A46BD62C956C6F005ACE1C /* DesignResource.swift */; };
		04A46BD92C95B3BF005ACE1C /* AddPhotoView.swift in Sources */ = {isa = PBXBuildFile; fileRef = 04A46BD82C95B3BF005ACE1C /* AddPhotoView.swift */; };
		04ADBC8F2CA809A200F6BC6F /* LaunchScreen.swift in Sources */ = {isa = PBXBuildFile; fileRef = 04ADBC8E2CA809A200F6BC6F /* LaunchScreen.swift */; };
		04BB5F0A2C9D93E200DE7DE3 /* PlanningScheduleView.swift in Sources */ = {isa = PBXBuildFile; fileRef = 04BB5F092C9D93E200DE7DE3 /* PlanningScheduleView.swift */; };
		04BB5F102C9E91A400DE7DE3 /* PopupView in Frameworks */ = {isa = PBXBuildFile; productRef = 04BB5F0F2C9E91A400DE7DE3 /* PopupView */; };
		04C995A72C97EAEC0017E10A /* .gitignore in Resources */ = {isa = PBXBuildFile; fileRef = 04C995A62C97EAEC0017E10A /* .gitignore */; };
		04C995AB2C97EDDE0017E10A /* APIKey.swift in Sources */ = {isa = PBXBuildFile; fileRef = 04C995AA2C97EDDE0017E10A /* APIKey.swift */; };
		04C995B32C9929A90017E10A /* Travel.swift in Sources */ = {isa = PBXBuildFile; fileRef = 04C995B22C9929A90017E10A /* Travel.swift */; };
		04C995B52C992B4D0017E10A /* Schedule.swift in Sources */ = {isa = PBXBuildFile; fileRef = 04C995B42C992B4D0017E10A /* Schedule.swift */; };
		04C995B72C992B510017E10A /* Place.swift in Sources */ = {isa = PBXBuildFile; fileRef = 04C995B62C992B510017E10A /* Place.swift */; };
		04C995B92C992B7C0017E10A /* Finance.swift in Sources */ = {isa = PBXBuildFile; fileRef = 04C995B82C992B7C0017E10A /* Finance.swift */; };
		04C995BB2C992B9D0017E10A /* Diary.swift in Sources */ = {isa = PBXBuildFile; fileRef = 04C995BA2C992B9D0017E10A /* Diary.swift */; };
		04C995BD2C992BB50017E10A /* Category.swift in Sources */ = {isa = PBXBuildFile; fileRef = 04C995BC2C992BB50017E10A /* Category.swift */; };
		04C995BF2C992F4F0017E10A /* TravelCoverView.swift in Sources */ = {isa = PBXBuildFile; fileRef = 04C995BE2C992F4F0017E10A /* TravelCoverView.swift */; };
		04C995C22C992FC40017E10A /* AddPlannerElementTitleView.swift in Sources */ = {isa = PBXBuildFile; fileRef = 04C995C12C992FC40017E10A /* AddPlannerElementTitleView.swift */; };
		04C995CA2C997AF90017E10A /* RealmSwift in Embed Frameworks */ = {isa = PBXBuildFile; productRef = 04EBA0602C9317FC002B1CA2 /* RealmSwift */; settings = {ATTRIBUTES = (CodeSignOnCopy, ); }; };
		04C995CD2C99B0850017E10A /* DayRangeSelectionHelper.swift in Sources */ = {isa = PBXBuildFile; fileRef = 04C995CC2C99B0850017E10A /* DayRangeSelectionHelper.swift */; };
		04C995CF2C99B1CA0017E10A /* CustomCalendarView.swift in Sources */ = {isa = PBXBuildFile; fileRef = 04C995CE2C99B1CA0017E10A /* CustomCalendarView.swift */; };
		04C995D42C9A8A890017E10A /* TravelManager.swift in Sources */ = {isa = PBXBuildFile; fileRef = 04C995D32C9A8A890017E10A /* TravelManager.swift */; };
		04C995D62C9A91E50017E10A /* Typealias.swift in Sources */ = {isa = PBXBuildFile; fileRef = 04C995D52C9A91E50017E10A /* Typealias.swift */; };
		04C995D82C9A9F9C0017E10A /* ImageManager.swift in Sources */ = {isa = PBXBuildFile; fileRef = 04C995D72C9A9F9C0017E10A /* ImageManager.swift */; };
		04C995DA2C9AA0180017E10A /* TravelScheduleListView.swift in Sources */ = {isa = PBXBuildFile; fileRef = 04C995D92C9AA0180017E10A /* TravelScheduleListView.swift */; };
		04DE1F2C2C9BEEFF000A25E4 /* Date+Extension.swift in Sources */ = {isa = PBXBuildFile; fileRef = 04DE1F2B2C9BEEFF000A25E4 /* Date+Extension.swift */; };
		04DE1F322C9C1A5D000A25E4 /* CustomTabBar.swift in Sources */ = {isa = PBXBuildFile; fileRef = 04DE1F312C9C1A5D000A25E4 /* CustomTabBar.swift */; };
		04DF056E2C9FF313008B2651 /* KakaoLocalManager.swift in Sources */ = {isa = PBXBuildFile; fileRef = 04DF056D2C9FF313008B2651 /* KakaoLocalManager.swift */; };
		04DF05712C9FF468008B2651 /* KakaoLocalRouter.swift in Sources */ = {isa = PBXBuildFile; fileRef = 04DF05702C9FF468008B2651 /* KakaoLocalRouter.swift */; };
		04DF05732C9FF79C008B2651 /* TargetType.swift in Sources */ = {isa = PBXBuildFile; fileRef = 04DF05722C9FF79C008B2651 /* TargetType.swift */; };
		04DF057D2C9FFDFD008B2651 /* SearchPlaceResponseModel.swift in Sources */ = {isa = PBXBuildFile; fileRef = 04DF057C2C9FFDFD008B2651 /* SearchPlaceResponseModel.swift */; };
		04DF057F2C9FFE18008B2651 /* KakaoLocalModel.swift in Sources */ = {isa = PBXBuildFile; fileRef = 04DF057E2C9FFE18008B2651 /* KakaoLocalModel.swift */; };
		04DF05812CA00735008B2651 /* SearchQueryModel.swift in Sources */ = {isa = PBXBuildFile; fileRef = 04DF05802CA00735008B2651 /* SearchQueryModel.swift */; };
		04DF05852CA08304008B2651 /* AddPlaceMapView.swift in Sources */ = {isa = PBXBuildFile; fileRef = 04DF05842CA08304008B2651 /* AddPlaceMapView.swift */; };
		04DF05872CA0F11D008B2651 /* KeyboardNotificationManager.swift in Sources */ = {isa = PBXBuildFile; fileRef = 04DF05862CA0F11D008B2651 /* KeyboardNotificationManager.swift */; };
		04DF05892CA156AD008B2651 /* MapView.swift in Sources */ = {isa = PBXBuildFile; fileRef = 04DF05882CA156AD008B2651 /* MapView.swift */; };
		04EBA0522C92E464002B1CA2 /* TripPDApp.swift in Sources */ = {isa = PBXBuildFile; fileRef = 04EBA0512C92E464002B1CA2 /* TripPDApp.swift */; };
		04EBA0542C92E464002B1CA2 /* ContentView.swift in Sources */ = {isa = PBXBuildFile; fileRef = 04EBA0532C92E464002B1CA2 /* ContentView.swift */; };
		04EBA0562C92E465002B1CA2 /* Assets.xcassets in Resources */ = {isa = PBXBuildFile; fileRef = 04EBA0552C92E465002B1CA2 /* Assets.xcassets */; };
		04EBA0592C92E465002B1CA2 /* Preview Assets.xcassets in Resources */ = {isa = PBXBuildFile; fileRef = 04EBA0582C92E465002B1CA2 /* Preview Assets.xcassets */; };
		04EBA0612C9317FC002B1CA2 /* RealmSwift in Frameworks */ = {isa = PBXBuildFile; productRef = 04EBA0602C9317FC002B1CA2 /* RealmSwift */; };
		04EBA0642C932D43002B1CA2 /* Alamofire in Frameworks */ = {isa = PBXBuildFile; productRef = 04EBA0632C932D43002B1CA2 /* Alamofire */; };
		04F7CF2D2CA1CE5F0061A056 /* BottomSheet in Frameworks */ = {isa = PBXBuildFile; productRef = 04F7CF2C2CA1CE5F0061A056 /* BottomSheet */; };
		04F7CF312CA29DF80061A056 /* SearchListHeaderView.swift in Sources */ = {isa = PBXBuildFile; fileRef = 04F7CF302CA29DF80061A056 /* SearchListHeaderView.swift */; };
/* End PBXBuildFile section */

/* Begin PBXCopyFilesBuildPhase section */
		04C995CB2C997AF90017E10A /* Embed Frameworks */ = {
			isa = PBXCopyFilesBuildPhase;
			buildActionMask = 2147483647;
			dstPath = "";
			dstSubfolderSpec = 10;
			files = (
				04C995CA2C997AF90017E10A /* RealmSwift in Embed Frameworks */,
			);
			name = "Embed Frameworks";
			runOnlyForDeploymentPostprocessing = 0;
		};
/* End PBXCopyFilesBuildPhase section */

/* Begin PBXFileReference section */
		0446A5112CA4E83C008C3EA4 /* PlaceLocationView.swift */ = {isa = PBXFileReference; lastKnownFileType = sourcecode.swift; path = PlaceLocationView.swift; sourceTree = "<group>"; };
		0446A5152CA4E897008C3EA4 /* PlaceRowView.swift */ = {isa = PBXFileReference; lastKnownFileType = sourcecode.swift; path = PlaceRowView.swift; sourceTree = "<group>"; };
		044A82B12CAD05CA007D3D17 /* TravelForView.swift */ = {isa = PBXFileReference; lastKnownFileType = sourcecode.swift; path = TravelForView.swift; sourceTree = "<group>"; };
		044A82B32CAD0992007D3D17 /* ScheduleForView.swift */ = {isa = PBXFileReference; lastKnownFileType = sourcecode.swift; path = ScheduleForView.swift; sourceTree = "<group>"; };
		044A82B52CAD099A007D3D17 /* PlaceForView.swift */ = {isa = PBXFileReference; lastKnownFileType = sourcecode.swift; path = PlaceForView.swift; sourceTree = "<group>"; };
		044A82B72CAD09A1007D3D17 /* DiaryForView.swift */ = {isa = PBXFileReference; lastKnownFileType = sourcecode.swift; path = DiaryForView.swift; sourceTree = "<group>"; };
		044A82B92CAD09AB007D3D17 /* FinanceForView.swift */ = {isa = PBXFileReference; lastKnownFileType = sourcecode.swift; path = FinanceForView.swift; sourceTree = "<group>"; };
		044A82BF2CAEA4EA007D3D17 /* AddPlaceView.swift */ = {isa = PBXFileReference; lastKnownFileType = sourcecode.swift; path = AddPlaceView.swift; sourceTree = "<group>"; };
		044A82C12CAEA97F007D3D17 /* NetworkMonitor.swift */ = {isa = PBXFileReference; lastKnownFileType = sourcecode.swift; path = NetworkMonitor.swift; sourceTree = "<group>"; };
		046CC39B2CA7E6560048F669 /* AppInfoView.swift */ = {isa = PBXFileReference; lastKnownFileType = sourcecode.swift; path = AppInfoView.swift; sourceTree = "<group>"; };
		046CC3A02CA7EF2F0048F669 /* Settings.bundle */ = {isa = PBXFileReference; lastKnownFileType = "wrapper.plug-in"; path = Settings.bundle; sourceTree = "<group>"; };
		046CC3A22CA7FAE20048F669 /* PastTravelView.swift */ = {isa = PBXFileReference; lastKnownFileType = sourcecode.swift; path = PastTravelView.swift; sourceTree = "<group>"; };
		0474E50D2CA3F21400C33D6F /* WebView.swift */ = {isa = PBXFileReference; lastKnownFileType = sourcecode.swift; path = WebView.swift; sourceTree = "<group>"; };
		04974DC22C9B2D39004319DA /* View+Extension.swift */ = {isa = PBXFileReference; lastKnownFileType = sourcecode.swift; path = "View+Extension.swift"; sourceTree = "<group>"; };
		04A46BB52C945D30005ACE1C /* Info.plist */ = {isa = PBXFileReference; lastKnownFileType = text.plist; path = Info.plist; sourceTree = "<group>"; };
		04A46BBA2C946A8E005ACE1C /* 잘풀리는오늘OTF Medium.otf */ = {isa = PBXFileReference; lastKnownFileType = file; path = "잘풀리는오늘OTF Medium.otf"; sourceTree = "<group>"; };
		04A46BBC2C9478F0005ACE1C /* MainHomeView.swift */ = {isa = PBXFileReference; lastKnownFileType = sourcecode.swift; path = MainHomeView.swift; sourceTree = "<group>"; };
		04A46BC02C947CD4005ACE1C /* UserView.swift */ = {isa = PBXFileReference; lastKnownFileType = sourcecode.swift; path = UserView.swift; sourceTree = "<group>"; };
		04A46BC72C948289005ACE1C /* LazyWrapperView.swift */ = {isa = PBXFileReference; lastKnownFileType = sourcecode.swift; path = LazyWrapperView.swift; sourceTree = "<group>"; };
		04A46BCC2C9487AC005ACE1C /* AddTravelPlannerView.swift */ = {isa = PBXFileReference; lastKnownFileType = sourcecode.swift; path = AddTravelPlannerView.swift; sourceTree = "<group>"; };
		04A46BCE2C95497D005ACE1C /* TravelMapView.swift */ = {isa = PBXFileReference; lastKnownFileType = sourcecode.swift; path = TravelMapView.swift; sourceTree = "<group>"; };
		04A46BD32C956C0A005ACE1C /* NavigationTitleModifier.swift */ = {isa = PBXFileReference; lastKnownFileType = sourcecode.swift; path = NavigationTitleModifier.swift; sourceTree = "<group>"; };
		04A46BD62C956C6F005ACE1C /* DesignResource.swift */ = {isa = PBXFileReference; lastKnownFileType = sourcecode.swift; path = DesignResource.swift; sourceTree = "<group>"; };
		04A46BD82C95B3BF005ACE1C /* AddPhotoView.swift */ = {isa = PBXFileReference; lastKnownFileType = sourcecode.swift; path = AddPhotoView.swift; sourceTree = "<group>"; };
		04ADBC8E2CA809A200F6BC6F /* LaunchScreen.swift */ = {isa = PBXFileReference; lastKnownFileType = sourcecode.swift; path = LaunchScreen.swift; sourceTree = "<group>"; };
		04BB5F092C9D93E200DE7DE3 /* PlanningScheduleView.swift */ = {isa = PBXFileReference; lastKnownFileType = sourcecode.swift; path = PlanningScheduleView.swift; sourceTree = "<group>"; };
		04C995A62C97EAEC0017E10A /* .gitignore */ = {isa = PBXFileReference; lastKnownFileType = text; path = .gitignore; sourceTree = "<group>"; };
		04C995AA2C97EDDE0017E10A /* APIKey.swift */ = {isa = PBXFileReference; lastKnownFileType = sourcecode.swift; path = APIKey.swift; sourceTree = "<group>"; };
		04C995B22C9929A90017E10A /* Travel.swift */ = {isa = PBXFileReference; lastKnownFileType = sourcecode.swift; path = Travel.swift; sourceTree = "<group>"; };
		04C995B42C992B4D0017E10A /* Schedule.swift */ = {isa = PBXFileReference; lastKnownFileType = sourcecode.swift; path = Schedule.swift; sourceTree = "<group>"; };
		04C995B62C992B510017E10A /* Place.swift */ = {isa = PBXFileReference; lastKnownFileType = sourcecode.swift; path = Place.swift; sourceTree = "<group>"; };
		04C995B82C992B7C0017E10A /* Finance.swift */ = {isa = PBXFileReference; lastKnownFileType = sourcecode.swift; path = Finance.swift; sourceTree = "<group>"; };
		04C995BA2C992B9D0017E10A /* Diary.swift */ = {isa = PBXFileReference; lastKnownFileType = sourcecode.swift; path = Diary.swift; sourceTree = "<group>"; };
		04C995BC2C992BB50017E10A /* Category.swift */ = {isa = PBXFileReference; lastKnownFileType = sourcecode.swift; path = Category.swift; sourceTree = "<group>"; };
		04C995BE2C992F4F0017E10A /* TravelCoverView.swift */ = {isa = PBXFileReference; lastKnownFileType = sourcecode.swift; path = TravelCoverView.swift; sourceTree = "<group>"; };
		04C995C12C992FC40017E10A /* AddPlannerElementTitleView.swift */ = {isa = PBXFileReference; lastKnownFileType = sourcecode.swift; path = AddPlannerElementTitleView.swift; sourceTree = "<group>"; };
		04C995CC2C99B0850017E10A /* DayRangeSelectionHelper.swift */ = {isa = PBXFileReference; lastKnownFileType = sourcecode.swift; path = DayRangeSelectionHelper.swift; sourceTree = "<group>"; };
		04C995CE2C99B1CA0017E10A /* CustomCalendarView.swift */ = {isa = PBXFileReference; lastKnownFileType = sourcecode.swift; path = CustomCalendarView.swift; sourceTree = "<group>"; };
		04C995D32C9A8A890017E10A /* TravelManager.swift */ = {isa = PBXFileReference; lastKnownFileType = sourcecode.swift; path = TravelManager.swift; sourceTree = "<group>"; };
		04C995D52C9A91E50017E10A /* Typealias.swift */ = {isa = PBXFileReference; lastKnownFileType = sourcecode.swift; path = Typealias.swift; sourceTree = "<group>"; };
		04C995D72C9A9F9C0017E10A /* ImageManager.swift */ = {isa = PBXFileReference; lastKnownFileType = sourcecode.swift; path = ImageManager.swift; sourceTree = "<group>"; };
		04C995D92C9AA0180017E10A /* TravelScheduleListView.swift */ = {isa = PBXFileReference; lastKnownFileType = sourcecode.swift; path = TravelScheduleListView.swift; sourceTree = "<group>"; };
		04DE1F2B2C9BEEFF000A25E4 /* Date+Extension.swift */ = {isa = PBXFileReference; lastKnownFileType = sourcecode.swift; path = "Date+Extension.swift"; sourceTree = "<group>"; };
		04DE1F312C9C1A5D000A25E4 /* CustomTabBar.swift */ = {isa = PBXFileReference; lastKnownFileType = sourcecode.swift; path = CustomTabBar.swift; sourceTree = "<group>"; };
		04DF056D2C9FF313008B2651 /* KakaoLocalManager.swift */ = {isa = PBXFileReference; lastKnownFileType = sourcecode.swift; path = KakaoLocalManager.swift; sourceTree = "<group>"; };
		04DF05702C9FF468008B2651 /* KakaoLocalRouter.swift */ = {isa = PBXFileReference; lastKnownFileType = sourcecode.swift; path = KakaoLocalRouter.swift; sourceTree = "<group>"; };
		04DF05722C9FF79C008B2651 /* TargetType.swift */ = {isa = PBXFileReference; lastKnownFileType = sourcecode.swift; path = TargetType.swift; sourceTree = "<group>"; };
		04DF057C2C9FFDFD008B2651 /* SearchPlaceResponseModel.swift */ = {isa = PBXFileReference; lastKnownFileType = sourcecode.swift; path = SearchPlaceResponseModel.swift; sourceTree = "<group>"; };
		04DF057E2C9FFE18008B2651 /* KakaoLocalModel.swift */ = {isa = PBXFileReference; lastKnownFileType = sourcecode.swift; path = KakaoLocalModel.swift; sourceTree = "<group>"; };
		04DF05802CA00735008B2651 /* SearchQueryModel.swift */ = {isa = PBXFileReference; lastKnownFileType = sourcecode.swift; path = SearchQueryModel.swift; sourceTree = "<group>"; };
		04DF05842CA08304008B2651 /* AddPlaceMapView.swift */ = {isa = PBXFileReference; lastKnownFileType = sourcecode.swift; path = AddPlaceMapView.swift; sourceTree = "<group>"; };
		04DF05862CA0F11D008B2651 /* KeyboardNotificationManager.swift */ = {isa = PBXFileReference; lastKnownFileType = sourcecode.swift; path = KeyboardNotificationManager.swift; sourceTree = "<group>"; };
		04DF05882CA156AD008B2651 /* MapView.swift */ = {isa = PBXFileReference; lastKnownFileType = sourcecode.swift; path = MapView.swift; sourceTree = "<group>"; };
		04EBA04E2C92E464002B1CA2 /* TripPD.app */ = {isa = PBXFileReference; explicitFileType = wrapper.application; includeInIndex = 0; path = TripPD.app; sourceTree = BUILT_PRODUCTS_DIR; };
		04EBA0512C92E464002B1CA2 /* TripPDApp.swift */ = {isa = PBXFileReference; lastKnownFileType = sourcecode.swift; path = TripPDApp.swift; sourceTree = "<group>"; };
		04EBA0532C92E464002B1CA2 /* ContentView.swift */ = {isa = PBXFileReference; lastKnownFileType = sourcecode.swift; path = ContentView.swift; sourceTree = "<group>"; };
		04EBA0552C92E465002B1CA2 /* Assets.xcassets */ = {isa = PBXFileReference; lastKnownFileType = folder.assetcatalog; path = Assets.xcassets; sourceTree = "<group>"; };
		04EBA0582C92E465002B1CA2 /* Preview Assets.xcassets */ = {isa = PBXFileReference; lastKnownFileType = folder.assetcatalog; path = "Preview Assets.xcassets"; sourceTree = "<group>"; };
		04F7CF302CA29DF80061A056 /* SearchListHeaderView.swift */ = {isa = PBXFileReference; lastKnownFileType = sourcecode.swift; path = SearchListHeaderView.swift; sourceTree = "<group>"; };
/* End PBXFileReference section */

/* Begin PBXFrameworksBuildPhase section */
		04EBA04B2C92E464002B1CA2 /* Frameworks */ = {
			isa = PBXFrameworksBuildPhase;
			buildActionMask = 2147483647;
			files = (
				04F7CF2D2CA1CE5F0061A056 /* BottomSheet in Frameworks */,
				04BB5F102C9E91A400DE7DE3 /* PopupView in Frameworks */,
				04EBA0612C9317FC002B1CA2 /* RealmSwift in Frameworks */,
				04A46BD22C9566A2005ACE1C /* HorizonCalendar in Frameworks */,
				04EBA0642C932D43002B1CA2 /* Alamofire in Frameworks */,
			);
			runOnlyForDeploymentPostprocessing = 0;
		};
/* End PBXFrameworksBuildPhase section */

/* Begin PBXGroup section */
		0446A5172CA520FE008C3EA4 /* MapView */ = {
			isa = PBXGroup;
			children = (
				04DF05882CA156AD008B2651 /* MapView.swift */,
			);
			path = MapView;
			sourceTree = "<group>";
		};
		0446A5182CA5210F008C3EA4 /* WebView */ = {
			isa = PBXGroup;
			children = (
				0474E50D2CA3F21400C33D6F /* WebView.swift */,
			);
			path = WebView;
			sourceTree = "<group>";
		};
		044A82B02CAD05AE007D3D17 /* SwiftUIViewModel */ = {
			isa = PBXGroup;
			children = (
				044A82B12CAD05CA007D3D17 /* TravelForView.swift */,
				044A82B32CAD0992007D3D17 /* ScheduleForView.swift */,
				044A82B52CAD099A007D3D17 /* PlaceForView.swift */,
				044A82B92CAD09AB007D3D17 /* FinanceForView.swift */,
				044A82B72CAD09A1007D3D17 /* DiaryForView.swift */,
			);
			path = SwiftUIViewModel;
			sourceTree = "<group>";
		};
		04A46BAD2C945BA4005ACE1C /* DesignResource */ = {
			isa = PBXGroup;
			children = (
				04A46BD62C956C6F005ACE1C /* DesignResource.swift */,
				04A46BAE2C945BB4005ACE1C /* Font */,
			);
			path = DesignResource;
			sourceTree = "<group>";
		};
		04A46BAE2C945BB4005ACE1C /* Font */ = {
			isa = PBXGroup;
			children = (
				04A46BBA2C946A8E005ACE1C /* 잘풀리는오늘OTF Medium.otf */,
			);
			path = Font;
			sourceTree = "<group>";
		};
		04A46BBE2C947B15005ACE1C /* Resource */ = {
			isa = PBXGroup;
			children = (
				04C995C52C9961080017E10A /* ViewResource */,
				04A46BAD2C945BA4005ACE1C /* DesignResource */,
			);
			path = Resource;
			sourceTree = "<group>";
		};
		04A46BC22C947CE5005ACE1C /* Reusable */ = {
			isa = PBXGroup;
			children = (
				04A46BC72C948289005ACE1C /* LazyWrapperView.swift */,
				04DF05722C9FF79C008B2651 /* TargetType.swift */,
			);
			path = Reusable;
			sourceTree = "<group>";
		};
		04A46BC92C9483D8005ACE1C /* View */ = {
			isa = PBXGroup;
			children = (
				04EBA0532C92E464002B1CA2 /* ContentView.swift */,
				04DE1F312C9C1A5D000A25E4 /* CustomTabBar.swift */,
				04ADBC8E2CA809A200F6BC6F /* LaunchScreen.swift */,
				04DE1F352C9C7A49000A25E4 /* Planner */,
				0446A5182CA5210F008C3EA4 /* WebView */,
				0446A5172CA520FE008C3EA4 /* MapView */,
				04DE1F372C9C7A87000A25E4 /* TravelMap */,
				04DE1F362C9C7A7F000A25E4 /* User */,
			);
			path = View;
			sourceTree = "<group>";
		};
		04A46BD52C956C0F005ACE1C /* Modifier */ = {
			isa = PBXGroup;
			children = (
				04A46BD32C956C0A005ACE1C /* NavigationTitleModifier.swift */,
			);
			path = Modifier;
			sourceTree = "<group>";
		};
		04BB5F072C9D93B100DE7DE3 /* Schedule */ = {
			isa = PBXGroup;
			children = (
				04C995D92C9AA0180017E10A /* TravelScheduleListView.swift */,
				04BB5F092C9D93E200DE7DE3 /* PlanningScheduleView.swift */,
				0446A5152CA4E897008C3EA4 /* PlaceRowView.swift */,
			);
			path = Schedule;
			sourceTree = "<group>";
		};
		04BB5F082C9D93BA00DE7DE3 /* AddPlanner */ = {
			isa = PBXGroup;
			children = (
				04A46BCC2C9487AC005ACE1C /* AddTravelPlannerView.swift */,
				04C995C02C992F7A0017E10A /* AddPlannerElement */,
			);
			path = AddPlanner;
			sourceTree = "<group>";
		};
		04BB5F0B2C9DB20B00DE7DE3 /* AddPlace */ = {
			isa = PBXGroup;
			children = (
				04DF05842CA08304008B2651 /* AddPlaceMapView.swift */,
				044A82BF2CAEA4EA007D3D17 /* AddPlaceView.swift */,
				04F7CF302CA29DF80061A056 /* SearchListHeaderView.swift */,
				0446A5112CA4E83C008C3EA4 /* PlaceLocationView.swift */,
			);
			path = AddPlace;
			sourceTree = "<group>";
		};
		04C995B12C99299D0017E10A /* Model */ = {
			isa = PBXGroup;
			children = (
				044A82B02CAD05AE007D3D17 /* SwiftUIViewModel */,
				04DF05742C9FF8F5008B2651 /* RealmTravelModel */,
				04DF05752C9FF900008B2651 /* QueryModel */,
				04DF05782C9FF9A3008B2651 /* ResponseModel */,
			);
			path = Model;
			sourceTree = "<group>";
		};
		04C995C02C992F7A0017E10A /* AddPlannerElement */ = {
			isa = PBXGroup;
			children = (
				04A46BD82C95B3BF005ACE1C /* AddPhotoView.swift */,
				04C995C12C992FC40017E10A /* AddPlannerElementTitleView.swift */,
				04C995CE2C99B1CA0017E10A /* CustomCalendarView.swift */,
				04C995BE2C992F4F0017E10A /* TravelCoverView.swift */,
			);
			path = AddPlannerElement;
			sourceTree = "<group>";
		};
		04C995C52C9961080017E10A /* ViewResource */ = {
			isa = PBXGroup;
			children = (
				04C995D52C9A91E50017E10A /* Typealias.swift */,
				04C995CC2C99B0850017E10A /* DayRangeSelectionHelper.swift */,
			);
			path = ViewResource;
			sourceTree = "<group>";
		};
		04C995D02C99BCCF0017E10A /* Extension */ = {
			isa = PBXGroup;
			children = (
				04974DC22C9B2D39004319DA /* View+Extension.swift */,
				04DE1F2B2C9BEEFF000A25E4 /* Date+Extension.swift */,
			);
			path = Extension;
			sourceTree = "<group>";
		};
		04DE1F352C9C7A49000A25E4 /* Planner */ = {
			isa = PBXGroup;
			children = (
				04A46BBC2C9478F0005ACE1C /* MainHomeView.swift */,
				04BB5F082C9D93BA00DE7DE3 /* AddPlanner */,
				04BB5F072C9D93B100DE7DE3 /* Schedule */,
				04BB5F0B2C9DB20B00DE7DE3 /* AddPlace */,
			);
			path = Planner;
			sourceTree = "<group>";
		};
		04DE1F362C9C7A7F000A25E4 /* User */ = {
			isa = PBXGroup;
			children = (
				04A46BC02C947CD4005ACE1C /* UserView.swift */,
				046CC39B2CA7E6560048F669 /* AppInfoView.swift */,
				046CC3A22CA7FAE20048F669 /* PastTravelView.swift */,
			);
			path = User;
			sourceTree = "<group>";
		};
		04DE1F372C9C7A87000A25E4 /* TravelMap */ = {
			isa = PBXGroup;
			children = (
				04A46BCE2C95497D005ACE1C /* TravelMapView.swift */,
			);
			path = TravelMap;
			sourceTree = "<group>";
		};
		04DF056F2C9FF450008B2651 /* Network */ = {
			isa = PBXGroup;
			children = (
				04DF056D2C9FF313008B2651 /* KakaoLocalManager.swift */,
				044A82C12CAEA97F007D3D17 /* NetworkMonitor.swift */,
				04DF057B2C9FFAC8008B2651 /* Router */,
			);
			path = Network;
			sourceTree = "<group>";
		};
		04DF05742C9FF8F5008B2651 /* RealmTravelModel */ = {
			isa = PBXGroup;
			children = (
				04C995B22C9929A90017E10A /* Travel.swift */,
				04C995B42C992B4D0017E10A /* Schedule.swift */,
				04C995B62C992B510017E10A /* Place.swift */,
				04C995B82C992B7C0017E10A /* Finance.swift */,
				04C995BA2C992B9D0017E10A /* Diary.swift */,
				04C995BC2C992BB50017E10A /* Category.swift */,
			);
			path = RealmTravelModel;
			sourceTree = "<group>";
		};
		04DF05752C9FF900008B2651 /* QueryModel */ = {
			isa = PBXGroup;
			children = (
				04DF05802CA00735008B2651 /* SearchQueryModel.swift */,
			);
			path = QueryModel;
			sourceTree = "<group>";
		};
		04DF05782C9FF9A3008B2651 /* ResponseModel */ = {
			isa = PBXGroup;
			children = (
				04DF057C2C9FFDFD008B2651 /* SearchPlaceResponseModel.swift */,
				04DF057E2C9FFE18008B2651 /* KakaoLocalModel.swift */,
			);
			path = ResponseModel;
			sourceTree = "<group>";
		};
		04DF057B2C9FFAC8008B2651 /* Router */ = {
			isa = PBXGroup;
			children = (
				04DF05702C9FF468008B2651 /* KakaoLocalRouter.swift */,
			);
			path = Router;
			sourceTree = "<group>";
		};
		04EBA0452C92E464002B1CA2 = {
			isa = PBXGroup;
			children = (
				046CC3A02CA7EF2F0048F669 /* Settings.bundle */,
				04C995A62C97EAEC0017E10A /* .gitignore */,
				04EBA0502C92E464002B1CA2 /* TripPD */,
				04EBA04F2C92E464002B1CA2 /* Products */,
			);
			sourceTree = "<group>";
		};
		04EBA04F2C92E464002B1CA2 /* Products */ = {
			isa = PBXGroup;
			children = (
				04EBA04E2C92E464002B1CA2 /* TripPD.app */,
			);
			name = Products;
			sourceTree = "<group>";
		};
		04EBA0502C92E464002B1CA2 /* TripPD */ = {
			isa = PBXGroup;
			children = (
				04C995D02C99BCCF0017E10A /* Extension */,
				04A46BD52C956C0F005ACE1C /* Modifier */,
				04A46BC22C947CE5005ACE1C /* Reusable */,
				04A46BBE2C947B15005ACE1C /* Resource */,
				04DF056F2C9FF450008B2651 /* Network */,
				04C995B12C99299D0017E10A /* Model */,
				04F7CF242CA1A2240061A056 /* Singleton */,
				04A46BB52C945D30005ACE1C /* Info.plist */,
				04EBA0512C92E464002B1CA2 /* TripPDApp.swift */,
				04A46BC92C9483D8005ACE1C /* View */,
				04EBA0552C92E465002B1CA2 /* Assets.xcassets */,
				04EBA0572C92E465002B1CA2 /* Preview Content */,
				04C995AA2C97EDDE0017E10A /* APIKey.swift */,
			);
			path = TripPD;
			sourceTree = "<group>";
		};
		04EBA0572C92E465002B1CA2 /* Preview Content */ = {
			isa = PBXGroup;
			children = (
				04EBA0582C92E465002B1CA2 /* Preview Assets.xcassets */,
			);
			path = "Preview Content";
			sourceTree = "<group>";
		};
		04F7CF242CA1A2240061A056 /* Singleton */ = {
			isa = PBXGroup;
			children = (
				04C995D32C9A8A890017E10A /* TravelManager.swift */,
				04C995D72C9A9F9C0017E10A /* ImageManager.swift */,
				04DF05862CA0F11D008B2651 /* KeyboardNotificationManager.swift */,
			);
			path = Singleton;
			sourceTree = "<group>";
		};
/* End PBXGroup section */

/* Begin PBXNativeTarget section */
		04EBA04D2C92E464002B1CA2 /* TripPD */ = {
			isa = PBXNativeTarget;
			buildConfigurationList = 04EBA05C2C92E465002B1CA2 /* Build configuration list for PBXNativeTarget "TripPD" */;
			buildPhases = (
				04EBA04A2C92E464002B1CA2 /* Sources */,
				04EBA04B2C92E464002B1CA2 /* Frameworks */,
				04EBA04C2C92E464002B1CA2 /* Resources */,
				04C995CB2C997AF90017E10A /* Embed Frameworks */,
			);
			buildRules = (
			);
			dependencies = (
			);
			name = TripPD;
			packageProductDependencies = (
				04EBA0602C9317FC002B1CA2 /* RealmSwift */,
				04EBA0632C932D43002B1CA2 /* Alamofire */,
				04A46BD12C9566A2005ACE1C /* HorizonCalendar */,
				04BB5F0F2C9E91A400DE7DE3 /* PopupView */,
				04F7CF2C2CA1CE5F0061A056 /* BottomSheet */,
			);
			productName = TripPD;
			productReference = 04EBA04E2C92E464002B1CA2 /* TripPD.app */;
			productType = "com.apple.product-type.application";
		};
/* End PBXNativeTarget section */

/* Begin PBXProject section */
		04EBA0462C92E464002B1CA2 /* Project object */ = {
			isa = PBXProject;
			attributes = {
				BuildIndependentTargetsInParallel = 1;
				LastSwiftUpdateCheck = 1540;
				LastUpgradeCheck = 1540;
				TargetAttributes = {
					04EBA04D2C92E464002B1CA2 = {
						CreatedOnToolsVersion = 15.4;
					};
				};
			};
			buildConfigurationList = 04EBA0492C92E464002B1CA2 /* Build configuration list for PBXProject "TripPD" */;
			compatibilityVersion = "Xcode 14.0";
			developmentRegion = ko;
			hasScannedForEncodings = 0;
			knownRegions = (
				Base,
				ko,
			);
			mainGroup = 04EBA0452C92E464002B1CA2;
			packageReferences = (
				04EBA05F2C9317FC002B1CA2 /* XCRemoteSwiftPackageReference "realm-swift" */,
				04EBA0622C932D43002B1CA2 /* XCRemoteSwiftPackageReference "Alamofire" */,
				04A46BD02C9566A2005ACE1C /* XCRemoteSwiftPackageReference "HorizonCalendar" */,
				04BB5F0E2C9E91A400DE7DE3 /* XCRemoteSwiftPackageReference "PopupView" */,
				04F7CF2B2CA1CE5F0061A056 /* XCRemoteSwiftPackageReference "BottomSheet" */,
			);
			productRefGroup = 04EBA04F2C92E464002B1CA2 /* Products */;
			projectDirPath = "";
			projectRoot = "";
			targets = (
				04EBA04D2C92E464002B1CA2 /* TripPD */,
			);
		};
/* End PBXProject section */

/* Begin PBXResourcesBuildPhase section */
		04EBA04C2C92E464002B1CA2 /* Resources */ = {
			isa = PBXResourcesBuildPhase;
			buildActionMask = 2147483647;
			files = (
				04C995A72C97EAEC0017E10A /* .gitignore in Resources */,
				04EBA0592C92E465002B1CA2 /* Preview Assets.xcassets in Resources */,
				046CC3A12CA7EF2F0048F669 /* Settings.bundle in Resources */,
				04A46BBB2C946A8E005ACE1C /* 잘풀리는오늘OTF Medium.otf in Resources */,
				04EBA0562C92E465002B1CA2 /* Assets.xcassets in Resources */,
			);
			runOnlyForDeploymentPostprocessing = 0;
		};
/* End PBXResourcesBuildPhase section */

/* Begin PBXSourcesBuildPhase section */
		04EBA04A2C92E464002B1CA2 /* Sources */ = {
			isa = PBXSourcesBuildPhase;
			buildActionMask = 2147483647;
			files = (
				04EBA0542C92E464002B1CA2 /* ContentView.swift in Sources */,
				04A46BBD2C9478F0005ACE1C /* MainHomeView.swift in Sources */,
				04ADBC8F2CA809A200F6BC6F /* LaunchScreen.swift in Sources */,
				04A46BC82C948289005ACE1C /* LazyWrapperView.swift in Sources */,
				044A82B62CAD099A007D3D17 /* PlaceForView.swift in Sources */,
				04EBA0522C92E464002B1CA2 /* TripPDApp.swift in Sources */,
				04DF05892CA156AD008B2651 /* MapView.swift in Sources */,
				044A82B82CAD09A1007D3D17 /* DiaryForView.swift in Sources */,
				04A46BD42C956C0A005ACE1C /* NavigationTitleModifier.swift in Sources */,
				044A82C22CAEA97F007D3D17 /* NetworkMonitor.swift in Sources */,
				04DF05872CA0F11D008B2651 /* KeyboardNotificationManager.swift in Sources */,
				044A82B22CAD05CA007D3D17 /* TravelForView.swift in Sources */,
				04DF056E2C9FF313008B2651 /* KakaoLocalManager.swift in Sources */,
				04C995C22C992FC40017E10A /* AddPlannerElementTitleView.swift in Sources */,
				04C995B72C992B510017E10A /* Place.swift in Sources */,
				04F7CF312CA29DF80061A056 /* SearchListHeaderView.swift in Sources */,
				04DF05852CA08304008B2651 /* AddPlaceMapView.swift in Sources */,
				04A46BCF2C95497D005ACE1C /* TravelMapView.swift in Sources */,
				044A82C02CAEA4EA007D3D17 /* AddPlaceView.swift in Sources */,
				0446A5122CA4E83C008C3EA4 /* PlaceLocationView.swift in Sources */,
				04C995B92C992B7C0017E10A /* Finance.swift in Sources */,
				04C995AB2C97EDDE0017E10A /* APIKey.swift in Sources */,
				04A46BD72C956C6F005ACE1C /* DesignResource.swift in Sources */,
				04C995CF2C99B1CA0017E10A /* CustomCalendarView.swift in Sources */,
				04C995D42C9A8A890017E10A /* TravelManager.swift in Sources */,
				04A46BD92C95B3BF005ACE1C /* AddPhotoView.swift in Sources */,
				046CC3A32CA7FAE20048F669 /* PastTravelView.swift in Sources */,
				0446A5162CA4E897008C3EA4 /* PlaceRowView.swift in Sources */,
				04C995BD2C992BB50017E10A /* Category.swift in Sources */,
				044A82B42CAD0992007D3D17 /* ScheduleForView.swift in Sources */,
				04C995CD2C99B0850017E10A /* DayRangeSelectionHelper.swift in Sources */,
				044A82BA2CAD09AB007D3D17 /* FinanceForView.swift in Sources */,
				04BB5F0A2C9D93E200DE7DE3 /* PlanningScheduleView.swift in Sources */,
				04DE1F322C9C1A5D000A25E4 /* CustomTabBar.swift in Sources */,
				04974DC32C9B2D39004319DA /* View+Extension.swift in Sources */,
				04DF05732C9FF79C008B2651 /* TargetType.swift in Sources */,
				04DF057F2C9FFE18008B2651 /* KakaoLocalModel.swift in Sources */,
				0474E50E2CA3F21400C33D6F /* WebView.swift in Sources */,
				04C995B32C9929A90017E10A /* Travel.swift in Sources */,
				04A46BCD2C9487AC005ACE1C /* AddTravelPlannerView.swift in Sources */,
				04C995BF2C992F4F0017E10A /* TravelCoverView.swift in Sources */,
				04C995DA2C9AA0180017E10A /* TravelScheduleListView.swift in Sources */,
				04C995B52C992B4D0017E10A /* Schedule.swift in Sources */,
				04A46BC12C947CD4005ACE1C /* UserView.swift in Sources */,
				04C995D82C9A9F9C0017E10A /* ImageManager.swift in Sources */,
				04DF05812CA00735008B2651 /* SearchQueryModel.swift in Sources */,
				046CC39C2CA7E6560048F669 /* AppInfoView.swift in Sources */,
				04DE1F2C2C9BEEFF000A25E4 /* Date+Extension.swift in Sources */,
				04DF05712C9FF468008B2651 /* KakaoLocalRouter.swift in Sources */,
				04DF057D2C9FFDFD008B2651 /* SearchPlaceResponseModel.swift in Sources */,
				04C995D62C9A91E50017E10A /* Typealias.swift in Sources */,
				04C995BB2C992B9D0017E10A /* Diary.swift in Sources */,
			);
			runOnlyForDeploymentPostprocessing = 0;
		};
/* End PBXSourcesBuildPhase section */

/* Begin XCBuildConfiguration section */
		04EBA05A2C92E465002B1CA2 /* Debug */ = {
			isa = XCBuildConfiguration;
			buildSettings = {
				ALWAYS_SEARCH_USER_PATHS = NO;
				ASSETCATALOG_COMPILER_GENERATE_SWIFT_ASSET_SYMBOL_EXTENSIONS = YES;
				CLANG_ANALYZER_NONNULL = YES;
				CLANG_ANALYZER_NUMBER_OBJECT_CONVERSION = YES_AGGRESSIVE;
				CLANG_CXX_LANGUAGE_STANDARD = "gnu++20";
				CLANG_ENABLE_MODULES = YES;
				CLANG_ENABLE_OBJC_ARC = YES;
				CLANG_ENABLE_OBJC_WEAK = YES;
				CLANG_WARN_BLOCK_CAPTURE_AUTORELEASING = YES;
				CLANG_WARN_BOOL_CONVERSION = YES;
				CLANG_WARN_COMMA = YES;
				CLANG_WARN_CONSTANT_CONVERSION = YES;
				CLANG_WARN_DEPRECATED_OBJC_IMPLEMENTATIONS = YES;
				CLANG_WARN_DIRECT_OBJC_ISA_USAGE = YES_ERROR;
				CLANG_WARN_DOCUMENTATION_COMMENTS = YES;
				CLANG_WARN_EMPTY_BODY = YES;
				CLANG_WARN_ENUM_CONVERSION = YES;
				CLANG_WARN_INFINITE_RECURSION = YES;
				CLANG_WARN_INT_CONVERSION = YES;
				CLANG_WARN_NON_LITERAL_NULL_CONVERSION = YES;
				CLANG_WARN_OBJC_IMPLICIT_RETAIN_SELF = YES;
				CLANG_WARN_OBJC_LITERAL_CONVERSION = YES;
				CLANG_WARN_OBJC_ROOT_CLASS = YES_ERROR;
				CLANG_WARN_QUOTED_INCLUDE_IN_FRAMEWORK_HEADER = YES;
				CLANG_WARN_RANGE_LOOP_ANALYSIS = YES;
				CLANG_WARN_STRICT_PROTOTYPES = YES;
				CLANG_WARN_SUSPICIOUS_MOVE = YES;
				CLANG_WARN_UNGUARDED_AVAILABILITY = YES_AGGRESSIVE;
				CLANG_WARN_UNREACHABLE_CODE = YES;
				CLANG_WARN__DUPLICATE_METHOD_MATCH = YES;
				COPY_PHASE_STRIP = NO;
				DEBUG_INFORMATION_FORMAT = dwarf;
				ENABLE_STRICT_OBJC_MSGSEND = YES;
				ENABLE_TESTABILITY = YES;
				ENABLE_USER_SCRIPT_SANDBOXING = YES;
				GCC_C_LANGUAGE_STANDARD = gnu17;
				GCC_DYNAMIC_NO_PIC = NO;
				GCC_NO_COMMON_BLOCKS = YES;
				GCC_OPTIMIZATION_LEVEL = 0;
				GCC_PREPROCESSOR_DEFINITIONS = (
					"DEBUG=1",
					"$(inherited)",
				);
				GCC_WARN_64_TO_32_BIT_CONVERSION = YES;
				GCC_WARN_ABOUT_RETURN_TYPE = YES_ERROR;
				GCC_WARN_UNDECLARED_SELECTOR = YES;
				GCC_WARN_UNINITIALIZED_AUTOS = YES_AGGRESSIVE;
				GCC_WARN_UNUSED_FUNCTION = YES;
				GCC_WARN_UNUSED_VARIABLE = YES;
				IPHONEOS_DEPLOYMENT_TARGET = 17.5;
				LOCALIZATION_PREFERS_STRING_CATALOGS = YES;
				MTL_ENABLE_DEBUG_INFO = INCLUDE_SOURCE;
				MTL_FAST_MATH = YES;
				ONLY_ACTIVE_ARCH = YES;
				SDKROOT = iphoneos;
				SWIFT_ACTIVE_COMPILATION_CONDITIONS = "DEBUG $(inherited)";
				SWIFT_OPTIMIZATION_LEVEL = "-Onone";
			};
			name = Debug;
		};
		04EBA05B2C92E465002B1CA2 /* Release */ = {
			isa = XCBuildConfiguration;
			buildSettings = {
				ALWAYS_SEARCH_USER_PATHS = NO;
				ASSETCATALOG_COMPILER_GENERATE_SWIFT_ASSET_SYMBOL_EXTENSIONS = YES;
				CLANG_ANALYZER_NONNULL = YES;
				CLANG_ANALYZER_NUMBER_OBJECT_CONVERSION = YES_AGGRESSIVE;
				CLANG_CXX_LANGUAGE_STANDARD = "gnu++20";
				CLANG_ENABLE_MODULES = YES;
				CLANG_ENABLE_OBJC_ARC = YES;
				CLANG_ENABLE_OBJC_WEAK = YES;
				CLANG_WARN_BLOCK_CAPTURE_AUTORELEASING = YES;
				CLANG_WARN_BOOL_CONVERSION = YES;
				CLANG_WARN_COMMA = YES;
				CLANG_WARN_CONSTANT_CONVERSION = YES;
				CLANG_WARN_DEPRECATED_OBJC_IMPLEMENTATIONS = YES;
				CLANG_WARN_DIRECT_OBJC_ISA_USAGE = YES_ERROR;
				CLANG_WARN_DOCUMENTATION_COMMENTS = YES;
				CLANG_WARN_EMPTY_BODY = YES;
				CLANG_WARN_ENUM_CONVERSION = YES;
				CLANG_WARN_INFINITE_RECURSION = YES;
				CLANG_WARN_INT_CONVERSION = YES;
				CLANG_WARN_NON_LITERAL_NULL_CONVERSION = YES;
				CLANG_WARN_OBJC_IMPLICIT_RETAIN_SELF = YES;
				CLANG_WARN_OBJC_LITERAL_CONVERSION = YES;
				CLANG_WARN_OBJC_ROOT_CLASS = YES_ERROR;
				CLANG_WARN_QUOTED_INCLUDE_IN_FRAMEWORK_HEADER = YES;
				CLANG_WARN_RANGE_LOOP_ANALYSIS = YES;
				CLANG_WARN_STRICT_PROTOTYPES = YES;
				CLANG_WARN_SUSPICIOUS_MOVE = YES;
				CLANG_WARN_UNGUARDED_AVAILABILITY = YES_AGGRESSIVE;
				CLANG_WARN_UNREACHABLE_CODE = YES;
				CLANG_WARN__DUPLICATE_METHOD_MATCH = YES;
				COPY_PHASE_STRIP = NO;
				DEBUG_INFORMATION_FORMAT = "dwarf-with-dsym";
				ENABLE_NS_ASSERTIONS = NO;
				ENABLE_STRICT_OBJC_MSGSEND = YES;
				ENABLE_USER_SCRIPT_SANDBOXING = YES;
				GCC_C_LANGUAGE_STANDARD = gnu17;
				GCC_NO_COMMON_BLOCKS = YES;
				GCC_WARN_64_TO_32_BIT_CONVERSION = YES;
				GCC_WARN_ABOUT_RETURN_TYPE = YES_ERROR;
				GCC_WARN_UNDECLARED_SELECTOR = YES;
				GCC_WARN_UNINITIALIZED_AUTOS = YES_AGGRESSIVE;
				GCC_WARN_UNUSED_FUNCTION = YES;
				GCC_WARN_UNUSED_VARIABLE = YES;
				IPHONEOS_DEPLOYMENT_TARGET = 17.5;
				LOCALIZATION_PREFERS_STRING_CATALOGS = YES;
				MTL_ENABLE_DEBUG_INFO = NO;
				MTL_FAST_MATH = YES;
				SDKROOT = iphoneos;
				SWIFT_COMPILATION_MODE = wholemodule;
				VALIDATE_PRODUCT = YES;
			};
			name = Release;
		};
		04EBA05D2C92E465002B1CA2 /* Debug */ = {
			isa = XCBuildConfiguration;
			buildSettings = {
				ASSETCATALOG_COMPILER_APPICON_NAME = AppIcon;
				ASSETCATALOG_COMPILER_GLOBAL_ACCENT_COLOR_NAME = AccentColor;
				ASSETCATALOG_COMPILER_INCLUDE_ALL_APPICON_ASSETS = NO;
				CODE_SIGN_STYLE = Automatic;
				CURRENT_PROJECT_VERSION = 1.01;
				DEVELOPMENT_ASSET_PATHS = "\"TripPD/Preview Content\"";
				DEVELOPMENT_TEAM = K7C455FTM9;
				ENABLE_PREVIEWS = YES;
				GENERATE_INFOPLIST_FILE = YES;
				INFOPLIST_FILE = TripPD/Info.plist;
				INFOPLIST_KEY_CFBundleDisplayName = "Trip PD";
				INFOPLIST_KEY_NSLocationWhenInUseUsageDescription = "지도와 관련된 기능을 위해 위치 권한을 허용하여 주세요.";
				INFOPLIST_KEY_UIApplicationSceneManifest_Generation = YES;
				INFOPLIST_KEY_UIApplicationSupportsIndirectInputEvents = YES;
				INFOPLIST_KEY_UILaunchScreen_Generation = YES;
				INFOPLIST_KEY_UILaunchStoryboardName = "";
				INFOPLIST_KEY_UISupportedInterfaceOrientations = UIInterfaceOrientationPortrait;
				INFOPLIST_KEY_UISupportedInterfaceOrientations_iPad = UIInterfaceOrientationPortrait;
				IPHONEOS_DEPLOYMENT_TARGET = 16.0;
				LD_RUNPATH_SEARCH_PATHS = (
					"$(inherited)",
					"@executable_path/Frameworks",
				);
				MARKETING_VERSION = 1.01;
				PRODUCT_BUNDLE_IDENTIFIER = com.harvey.trippd;
				PRODUCT_NAME = "$(TARGET_NAME)";
				SUPPORTED_PLATFORMS = "iphoneos iphonesimulator";
				SUPPORTS_MACCATALYST = NO;
				SUPPORTS_MAC_DESIGNED_FOR_IPHONE_IPAD = NO;
				SUPPORTS_XR_DESIGNED_FOR_IPHONE_IPAD = NO;
				SWIFT_EMIT_LOC_STRINGS = YES;
				SWIFT_VERSION = 5.0;
				TARGETED_DEVICE_FAMILY = 1;
			};
			name = Debug;
		};
		04EBA05E2C92E465002B1CA2 /* Release */ = {
			isa = XCBuildConfiguration;
			buildSettings = {
				ASSETCATALOG_COMPILER_APPICON_NAME = AppIcon;
				ASSETCATALOG_COMPILER_GLOBAL_ACCENT_COLOR_NAME = AccentColor;
				ASSETCATALOG_COMPILER_INCLUDE_ALL_APPICON_ASSETS = NO;
				CODE_SIGN_STYLE = Automatic;
				CURRENT_PROJECT_VERSION = 1.01;
				DEVELOPMENT_ASSET_PATHS = "\"TripPD/Preview Content\"";
				DEVELOPMENT_TEAM = K7C455FTM9;
				ENABLE_PREVIEWS = YES;
				GENERATE_INFOPLIST_FILE = YES;
				INFOPLIST_FILE = TripPD/Info.plist;
				INFOPLIST_KEY_CFBundleDisplayName = "Trip PD";
				INFOPLIST_KEY_NSLocationWhenInUseUsageDescription = "지도와 관련된 기능을 위해 위치 권한을 허용하여 주세요.";
				INFOPLIST_KEY_UIApplicationSceneManifest_Generation = YES;
				INFOPLIST_KEY_UIApplicationSupportsIndirectInputEvents = YES;
				INFOPLIST_KEY_UILaunchScreen_Generation = YES;
				INFOPLIST_KEY_UILaunchStoryboardName = "";
				INFOPLIST_KEY_UISupportedInterfaceOrientations = UIInterfaceOrientationPortrait;
				INFOPLIST_KEY_UISupportedInterfaceOrientations_iPad = UIInterfaceOrientationPortrait;
				IPHONEOS_DEPLOYMENT_TARGET = 16.0;
				LD_RUNPATH_SEARCH_PATHS = (
					"$(inherited)",
					"@executable_path/Frameworks",
				);
				MARKETING_VERSION = 1.01;
				PRODUCT_BUNDLE_IDENTIFIER = com.harvey.trippd;
				PRODUCT_NAME = "$(TARGET_NAME)";
				SUPPORTED_PLATFORMS = "iphoneos iphonesimulator";
				SUPPORTS_MACCATALYST = NO;
				SUPPORTS_MAC_DESIGNED_FOR_IPHONE_IPAD = NO;
				SUPPORTS_XR_DESIGNED_FOR_IPHONE_IPAD = NO;
				SWIFT_EMIT_LOC_STRINGS = YES;
				SWIFT_VERSION = 5.0;
				TARGETED_DEVICE_FAMILY = 1;
			};
			name = Release;
		};
/* End XCBuildConfiguration section */

/* Begin XCConfigurationList section */
		04EBA0492C92E464002B1CA2 /* Build configuration list for PBXProject "TripPD" */ = {
			isa = XCConfigurationList;
			buildConfigurations = (
				04EBA05A2C92E465002B1CA2 /* Debug */,
				04EBA05B2C92E465002B1CA2 /* Release */,
			);
			defaultConfigurationIsVisible = 0;
			defaultConfigurationName = Release;
		};
		04EBA05C2C92E465002B1CA2 /* Build configuration list for PBXNativeTarget "TripPD" */ = {
			isa = XCConfigurationList;
			buildConfigurations = (
				04EBA05D2C92E465002B1CA2 /* Debug */,
				04EBA05E2C92E465002B1CA2 /* Release */,
			);
			defaultConfigurationIsVisible = 0;
			defaultConfigurationName = Release;
		};
/* End XCConfigurationList section */

/* Begin XCRemoteSwiftPackageReference section */
		04A46BD02C9566A2005ACE1C /* XCRemoteSwiftPackageReference "HorizonCalendar" */ = {
			isa = XCRemoteSwiftPackageReference;
			repositoryURL = "https://github.com/airbnb/HorizonCalendar.git";
			requirement = {
				branch = master;
				kind = branch;
			};
		};
		04BB5F0E2C9E91A400DE7DE3 /* XCRemoteSwiftPackageReference "PopupView" */ = {
			isa = XCRemoteSwiftPackageReference;
			repositoryURL = "https://github.com/exyte/PopupView.git";
			requirement = {
				kind = upToNextMajorVersion;
				minimumVersion = 3.1.0;
			};
		};
		04EBA05F2C9317FC002B1CA2 /* XCRemoteSwiftPackageReference "realm-swift" */ = {
			isa = XCRemoteSwiftPackageReference;
			repositoryURL = "https://github.com/realm/realm-swift.git";
			requirement = {
				kind = exactVersion;
				version = 20.0.0;
			};
		};
		04EBA0622C932D43002B1CA2 /* XCRemoteSwiftPackageReference "Alamofire" */ = {
			isa = XCRemoteSwiftPackageReference;
			repositoryURL = "https://github.com/Alamofire/Alamofire.git";
			requirement = {
				kind = upToNextMajorVersion;
				minimumVersion = 5.9.1;
			};
		};
		04F7CF2B2CA1CE5F0061A056 /* XCRemoteSwiftPackageReference "BottomSheet" */ = {
			isa = XCRemoteSwiftPackageReference;
			repositoryURL = "https://github.com/lucaszischka/BottomSheet.git";
			requirement = {
				kind = upToNextMajorVersion;
				minimumVersion = 3.1.1;
			};
		};
/* End XCRemoteSwiftPackageReference section */

/* Begin XCSwiftPackageProductDependency section */
		04A46BD12C9566A2005ACE1C /* HorizonCalendar */ = {
			isa = XCSwiftPackageProductDependency;
			package = 04A46BD02C9566A2005ACE1C /* XCRemoteSwiftPackageReference "HorizonCalendar" */;
			productName = HorizonCalendar;
		};
		04BB5F0F2C9E91A400DE7DE3 /* PopupView */ = {
			isa = XCSwiftPackageProductDependency;
			package = 04BB5F0E2C9E91A400DE7DE3 /* XCRemoteSwiftPackageReference "PopupView" */;
			productName = PopupView;
		};
		04EBA0602C9317FC002B1CA2 /* RealmSwift */ = {
			isa = XCSwiftPackageProductDependency;
			package = 04EBA05F2C9317FC002B1CA2 /* XCRemoteSwiftPackageReference "realm-swift" */;
			productName = RealmSwift;
		};
		04EBA0632C932D43002B1CA2 /* Alamofire */ = {
			isa = XCSwiftPackageProductDependency;
			package = 04EBA0622C932D43002B1CA2 /* XCRemoteSwiftPackageReference "Alamofire" */;
			productName = Alamofire;
		};
		04F7CF2C2CA1CE5F0061A056 /* BottomSheet */ = {
			isa = XCSwiftPackageProductDependency;
			package = 04F7CF2B2CA1CE5F0061A056 /* XCRemoteSwiftPackageReference "BottomSheet" */;
			productName = BottomSheet;
		};
/* End XCSwiftPackageProductDependency section */
	};
	rootObject = 04EBA0462C92E464002B1CA2 /* Project object */;
}
